
Microsoft Visual Studio Solution File, Format Version 12.00
# Visual Studio Version 16
VisualStudioVersion = 16.0.31515.178
MinimumVisualStudioVersion = 10.0.40219.1
Project("{FAE04EC0-301F-11D3-BF4B-00C04F79EFBC}") = "Chapter01", "Chapter01\Chapter01.csproj", "{1C3A6CCA-6B15-4B1F-8C40-C6FBBB6DD7AA}"
EndProject
Project("{FAE04EC0-301F-11D3-BF4B-00C04F79EFBC}") = "Chapter01Tests", "Chapter01Tests\Chapter01Tests.csproj", "{906B5FA1-BBBE-439B-8676-6F398148CF44}"
EndProject
Project("{FAE04EC0-301F-11D3-BF4B-00C04F79EFBC}") = "Shared", "Shared\Shared.csproj", "{B0BB9EAB-4CF0-49CA-82A2-4310565E9FA9}"
EndProject
Global
	GlobalSection(SolutionConfigurationPlatforms) = preSolution
		Debug|Any CPU = Debug|Any CPU
		Release|Any CPU = Release|Any CPU
	EndGlobalSection
	GlobalSection(ProjectConfigurationPlatforms) = postSolution
		{1C3A6CCA-6B15-4B1F-8C40-C6FBBB6DD7AA}.Debug|Any CPU.ActiveCfg = Debug|Any CPU
		{1C3A6CCA-6B15-4B1F-8C40-C6FBBB6DD7AA}.Debug|Any CPU.Build.0 = Debug|Any CPU
		{1C3A6CCA-6B15-4B1F-8C40-C6FBBB6DD7AA}.Release|Any CPU.ActiveCfg = Release|Any CPU
		{1C3A6CCA-6B15-4B1F-8C40-C6FBBB6DD7AA}.Release|Any CPU.Build.0 = Release|Any CPU
		{906B5FA1-BBBE-439B-8676-6F398148CF44}.Debug|Any CPU.ActiveCfg = Debug|Any CPU
		{906B5FA1-BBBE-439B-8676-6F398148CF44}.Debug|Any CPU.Build.0 = Debug|Any CPU
		{906B5FA1-BBBE-439B-8676-6F398148CF44}.Release|Any CPU.ActiveCfg = Release|Any CPU
		{906B5FA1-BBBE-439B-8676-6F398148CF44}.Release|Any CPU.Build.0 = Release|Any CPU
		{B0BB9EAB-4CF0-49CA-82A2-4310565E9FA9}.Debug|Any CPU.ActiveCfg = Debug|Any CPU
		{B0BB9EAB-4CF0-49CA-82A2-4310565E9FA9}.Debug|Any CPU.Build.0 = Debug|Any CPU
		{B0BB9EAB-4CF0-49CA-82A2-4310565E9FA9}.Release|Any CPU.ActiveCfg = Release|Any CPU
		{B0BB9EAB-4CF0-49CA-82A2-4310565E9FA9}.Release|Any CPU.Build.0 = Release|Any CPU
	EndGlobalSection
	GlobalSection(SolutionProperties) = preSolution
		HideSolutionNode = FALSE
	EndGlobalSection
	GlobalSection(ExtensibilityGlobals) = postSolution
		SolutionGuid = {40781574-796F-476C-84A8-0EA109A5335F}
	EndGlobalSection
EndGlobal
